
Microsoft Visual Studio Solution File, Format Version 12.00
# Visual Studio Version 16
VisualStudioVersion = 16.0.29123.88
MinimumVisualStudioVersion = 10.0.40219.1
Project("{FAE04EC0-301F-11D3-BF4B-00C04F79EFBC}") = "SwaggerUI.APIRest", "SwaggerUI.APIRest\SwaggerUI.APIRest.csproj", "{5395D1EB-75BE-44AA-8F10-37E81EC38B01}"
EndProject
Global
	GlobalSection(SolutionConfigurationPlatforms) = preSolution
		Debug|Any CPU = Debug|Any CPU
		Release|Any CPU = Release|Any CPU
	EndGlobalSection
	GlobalSection(ProjectConfigurationPlatforms) = postSolution
		{5395D1EB-75BE-44AA-8F10-37E81EC38B01}.Debug|Any CPU.ActiveCfg = Debug|Any CPU
		{5395D1EB-75BE-44AA-8F10-37E81EC38B01}.Debug|Any CPU.Build.0 = Debug|Any CPU
		{5395D1EB-75BE-44AA-8F10-37E81EC38B01}.Release|Any CPU.ActiveCfg = Release|Any CPU
		{5395D1EB-75BE-44AA-8F10-37E81EC38B01}.Release|Any CPU.Build.0 = Release|Any CPU
	EndGlobalSection
	GlobalSection(SolutionProperties) = preSolution
		HideSolutionNode = FALSE
	EndGlobalSection
	GlobalSection(ExtensibilityGlobals) = postSolution
		SolutionGuid = {0EFADDBC-CD69-4037-8B36-91B97B7C0134}
	EndGlobalSection
EndGlobal
